
Microsoft Visual Studio Solution File, Format Version 12.00
# Visual Studio Version 16
VisualStudioVersion = 16.0.29009.5
MinimumVisualStudioVersion = 10.0.40219.1
Project("{FAE04EC0-301F-11D3-BF4B-00C04F79EFBC}") = "Lazer_Proje", "Lazer_Proje\Lazer_Proje.csproj", "{75E0F3D1-552C-4258-8983-0566B00E99F7}"
EndProject
Global
	GlobalSection(SolutionConfigurationPlatforms) = preSolution
		Debug|Any CPU = Debug|Any CPU
		Release|Any CPU = Release|Any CPU
	EndGlobalSection
	GlobalSection(ProjectConfigurationPlatforms) = postSolution
		{75E0F3D1-552C-4258-8983-0566B00E99F7}.Debug|Any CPU.ActiveCfg = Debug|Any CPU
		{75E0F3D1-552C-4258-8983-0566B00E99F7}.Debug|Any CPU.Build.0 = Debug|Any CPU
		{75E0F3D1-552C-4258-8983-0566B00E99F7}.Release|Any CPU.ActiveCfg = Release|Any CPU
		{75E0F3D1-552C-4258-8983-0566B00E99F7}.Release|Any CPU.Build.0 = Release|Any CPU
	EndGlobalSection
	GlobalSection(SolutionProperties) = preSolution
		HideSolutionNode = FALSE
	EndGlobalSection
	GlobalSection(ExtensibilityGlobals) = postSolution
		SolutionGuid = {6306881D-0B12-4231-9A9D-C7638E23B69C}
	EndGlobalSection
EndGlobal
